
Microsoft Visual Studio Solution File, Format Version 12.00
# Visual Studio Version 17
VisualStudioVersion = 17.0.32126.317
MinimumVisualStudioVersion = 10.0.40219.1
Project("{FAE04EC0-301F-11D3-BF4B-00C04F79EFBC}") = "TallerIter_Enunciado_1", "TallerIter_Enunciado_1\TallerIter_Enunciado_1.csproj", "{D95EDCF8-02A1-4919-8CDC-BCA5DC18D539}"
EndProject
Global
	GlobalSection(SolutionConfigurationPlatforms) = preSolution
		Debug|Any CPU = Debug|Any CPU
		Release|Any CPU = Release|Any CPU
	EndGlobalSection
	GlobalSection(ProjectConfigurationPlatforms) = postSolution
		{D95EDCF8-02A1-4919-8CDC-BCA5DC18D539}.Debug|Any CPU.ActiveCfg = Debug|Any CPU
		{D95EDCF8-02A1-4919-8CDC-BCA5DC18D539}.Debug|Any CPU.Build.0 = Debug|Any CPU
		{D95EDCF8-02A1-4919-8CDC-BCA5DC18D539}.Release|Any CPU.ActiveCfg = Release|Any CPU
		{D95EDCF8-02A1-4919-8CDC-BCA5DC18D539}.Release|Any CPU.Build.0 = Release|Any CPU
	EndGlobalSection
	GlobalSection(SolutionProperties) = preSolution
		HideSolutionNode = FALSE
	EndGlobalSection
	GlobalSection(ExtensibilityGlobals) = postSolution
		SolutionGuid = {DFDD6377-0653-4A80-B66A-26A5FAACE723}
	EndGlobalSection
EndGlobal
